{
  "name": "podcast_project",
  "lockfileVersion": 3,
  "requires": true,
  "packages": {
    "": {
      "dependencies": {
        "@hotwired/turbo-rails": "^8.0.0-beta.2"
      }
    },
    "node_modules/@hotwired/turbo": {
      "version": "8.0.0-beta.2",
      "resolved": "https://registry.npmjs.org/@hotwired/turbo/-/turbo-8.0.0-beta.2.tgz",
      "integrity": "sha512-Ewdz4m+rlBXiqU8hXC9qjrA6/gaYlwUWbab8M/+/PW3KEoZ36pqvLt4l7wEXELPk699bRXVFS08mt3icJ0idfg==",
      "engines": {
        "node": ">= 14"
      }
    },
    "node_modules/@hotwired/turbo-rails": {
      "version": "8.0.0-beta.2",
      "resolved": "https://registry.npmjs.org/@hotwired/turbo-rails/-/turbo-rails-8.0.0-beta.2.tgz",
      "integrity": "sha512-t/e2FvOrhkDOWygsxqJ/drCz74j16hfq3wobzST9qFp7wBZXbGuw0dxB7sPpC+4I9s726KKR5ZaN+D8zaaGfPg==",
      "dependencies": {
        "@hotwired/turbo": "^8.0.0-beta.2",
        "@rails/actioncable": "^7.0"
      }
    },
    "node_modules/@rails/actioncable": {
      "version": "7.1.2",
      "resolved": "https://registry.npmjs.org/@rails/actioncable/-/actioncable-7.1.2.tgz",
      "integrity": "sha512-KGziTZfbmGm8/fHOpj515xupbYU+49hsp4etfdpoDJ/CEY2bRZR0cyFcJkpK6n0t/sxOHNWY6bo9vSgXZvT7Mg=="
    }
  }
}
